
Microsoft Visual Studio Solution File, Format Version 12.00
# Visual Studio 2013
VisualStudioVersion = 12.0.30501.0
MinimumVisualStudioVersion = 10.0.40219.1
Project("{FAE04EC0-301F-11D3-BF4B-00C04F79EFBC}") = "OriginExhaust", "OriginExhaust\OriginExhaust.csproj", "{30BC1ED5-010D-48A5-8326-38EF33990CCB}"
EndProject
Project("{FAE04EC0-301F-11D3-BF4B-00C04F79EFBC}") = "Example.Titanfall", "Titanfall\Example.Titanfall.csproj", "{A5698EBA-F66A-4BDC-A518-C6B786D744AB}"
EndProject
Global
	GlobalSection(SolutionConfigurationPlatforms) = preSolution
		Debug|Any CPU = Debug|Any CPU
		Release|Any CPU = Release|Any CPU
	EndGlobalSection
	GlobalSection(ProjectConfigurationPlatforms) = postSolution
		{30BC1ED5-010D-48A5-8326-38EF33990CCB}.Debug|Any CPU.ActiveCfg = Debug|Any CPU
		{30BC1ED5-010D-48A5-8326-38EF33990CCB}.Debug|Any CPU.Build.0 = Debug|Any CPU
		{30BC1ED5-010D-48A5-8326-38EF33990CCB}.Release|Any CPU.ActiveCfg = Release|Any CPU
		{30BC1ED5-010D-48A5-8326-38EF33990CCB}.Release|Any CPU.Build.0 = Release|Any CPU
		{A5698EBA-F66A-4BDC-A518-C6B786D744AB}.Debug|Any CPU.ActiveCfg = Debug|Any CPU
		{A5698EBA-F66A-4BDC-A518-C6B786D744AB}.Debug|Any CPU.Build.0 = Debug|Any CPU
		{A5698EBA-F66A-4BDC-A518-C6B786D744AB}.Release|Any CPU.ActiveCfg = Release|Any CPU
		{A5698EBA-F66A-4BDC-A518-C6B786D744AB}.Release|Any CPU.Build.0 = Release|Any CPU
	EndGlobalSection
	GlobalSection(SolutionProperties) = preSolution
		HideSolutionNode = FALSE
	EndGlobalSection
EndGlobal
